
Microsoft Visual Studio Solution File, Format Version 12.00
# Visual Studio Version 17
VisualStudioVersion = 17.11.35219.272
MinimumVisualStudioVersion = 10.0.40219.1
Project("{FAE04EC0-301F-11D3-BF4B-00C04F79EFBC}") = "Convocatoria2", "Convocatoria2\Convocatoria2.csproj", "{99365A3A-BEB8-4268-A2F6-D734F4C755C6}"
EndProject
Global
	GlobalSection(SolutionConfigurationPlatforms) = preSolution
		Debug|Any CPU = Debug|Any CPU
		Release|Any CPU = Release|Any CPU
	EndGlobalSection
	GlobalSection(ProjectConfigurationPlatforms) = postSolution
		{99365A3A-BEB8-4268-A2F6-D734F4C755C6}.Debug|Any CPU.ActiveCfg = Debug|Any CPU
		{99365A3A-BEB8-4268-A2F6-D734F4C755C6}.Debug|Any CPU.Build.0 = Debug|Any CPU
		{99365A3A-BEB8-4268-A2F6-D734F4C755C6}.Release|Any CPU.ActiveCfg = Release|Any CPU
		{99365A3A-BEB8-4268-A2F6-D734F4C755C6}.Release|Any CPU.Build.0 = Release|Any CPU
	EndGlobalSection
	GlobalSection(SolutionProperties) = preSolution
		HideSolutionNode = FALSE
	EndGlobalSection
	GlobalSection(ExtensibilityGlobals) = postSolution
		SolutionGuid = {88DF7AD7-9DF6-4CEA-92C6-2D83EC65DF47}
	EndGlobalSection
EndGlobal
